
Microsoft Visual Studio Solution File, Format Version 12.00
# Visual Studio 2013
VisualStudioVersion = 12.0.31101.0
MinimumVisualStudioVersion = 10.0.40219.1
Project("{FAE04EC0-301F-11D3-BF4B-00C04F79EFBC}") = "Pointel.Desktop.Access.Control", "Pointel.Desktop.Access.Control\Pointel.Desktop.Access.Control.csproj", "{CCBE735E-E893-48D1-9035-0BF2AC1DBDA4}"
EndProject
Project("{FAE04EC0-301F-11D3-BF4B-00C04F79EFBC}") = "Pointel.Integration.Core", "Pointel.Integration.Core\Pointel.Integration.Core.csproj", "{6E0294F3-C465-454F-B8BF-716DA836B473}"
EndProject
Project("{FAE04EC0-301F-11D3-BF4B-00C04F79EFBC}") = "Pointel.Integration.PlugIn", "Pointel.Integration.PlugIn\Pointel.Integration.PlugIn.csproj", "{DD1F4B1C-2FE9-4DD4-818A-0ABE8187CD75}"
EndProject
Project("{FAE04EC0-301F-11D3-BF4B-00C04F79EFBC}") = "Pointel.Interaction.Workbin", "Pointel.Interaction.Workbin\Pointel.Interaction.Workbin.csproj", "{A1561366-4288-4754-BE0E-031609875788}"
EndProject
Project("{FAE04EC0-301F-11D3-BF4B-00C04F79EFBC}") = "Pointel.Interactions.Chat", "Pointel.Interactions.Chat\Pointel.Interactions.Chat.csproj", "{4B6B71B9-20B2-4AD0-A914-6837966C1119}"
EndProject
Project("{FAE04EC0-301F-11D3-BF4B-00C04F79EFBC}") = "Pointel.Interactions.Chat.Core", "Pointel.Interactions.Chat.Core\Pointel.Interactions.Chat.Core.csproj", "{6137AE6E-494B-47DC-BCE9-0C9C38DDD156}"
EndProject
Project("{FAE04EC0-301F-11D3-BF4B-00C04F79EFBC}") = "Pointel.Interactions.Contact.Core", "Pointel.Interactions.Contact.Core\Pointel.Interactions.Contact.Core.csproj", "{A227220A-A8D9-49C3-B42D-43083CF32865}"
EndProject
Project("{FAE04EC0-301F-11D3-BF4B-00C04F79EFBC}") = "Pointel.Interactions.Core", "Pointel.Interactions.Core\Pointel.Interactions.Core.csproj", "{E1BFBD94-D72D-494F-95A9-9D2B3A6F545C}"
EndProject
Project("{FAE04EC0-301F-11D3-BF4B-00C04F79EFBC}") = "Pointel.Interactions.DispositionCodes", "Pointel.Interactions.DispositionCodes\Pointel.Interactions.DispositionCodes.csproj", "{4B8751A4-9E72-4153-88B2-39BA0399E313}"
EndProject
Project("{FAE04EC0-301F-11D3-BF4B-00C04F79EFBC}") = "Pointel.Interactions.TeamCommunicator", "Pointel.Interactions.TeamCommunicator\Pointel.Interactions.TeamCommunicator.csproj", "{35E29EBF-BADB-45E2-85BF-78D0A4145751}"
EndProject
Project("{FAE04EC0-301F-11D3-BF4B-00C04F79EFBC}") = "Pointel.Softphone.Language", "Pointel.Softphone.Language\Pointel.Softphone.Language.csproj", "{07A742FB-705C-4C37-8131-BC7AFB29CCF7}"
EndProject
Project("{FAE04EC0-301F-11D3-BF4B-00C04F79EFBC}") = "Pointel.Softphone.Voice", "Pointel.Softphone.Voice\Pointel.Softphone.Voice.csproj", "{D12288D8-503D-44D2-A651-E6D26D326457}"
EndProject
Project("{FAE04EC0-301F-11D3-BF4B-00C04F79EFBC}") = "Pointel.TaskbarNotifier", "Pointel.TaskbarNotifier\Pointel.TaskbarNotifier.csproj", "{C807F74B-9C21-4A9F-8A60-C7D7AF7BCBBA}"
EndProject
Project("{FAE04EC0-301F-11D3-BF4B-00C04F79EFBC}") = "Pointel.Interactions.IPlugins", "Pointel.Interactions.IPlugins\Pointel.Interactions.IPlugins.csproj", "{F9ABF1FD-4F58-4FE4-9808-8B3C276097A1}"
EndProject
Project("{FAE04EC0-301F-11D3-BF4B-00C04F79EFBC}") = "Pointel.Interactions.Contact", "Pointel.Interactions.Contact\Pointel.Interactions.Contact.csproj", "{73AE0AD7-22FE-411E-8182-079F415C044B}"
EndProject
Project("{FAE04EC0-301F-11D3-BF4B-00C04F79EFBC}") = "Pointel.Windows.Views.Common.Editor", "Pointel.Windows.Views.Common.Editor\Pointel.Windows.Views.Common.Editor.csproj", "{8E807142-752E-4792-8440-1803981D5C4F}"
EndProject
Project("{FAE04EC0-301F-11D3-BF4B-00C04F79EFBC}") = "Pointel.WindowResizer", "Pointel.WindowResizer\Pointel.WindowResizer.csproj", "{484A8648-56A6-44A8-AD34-8B7E3E26A41A}"
EndProject
Project("{FAE04EC0-301F-11D3-BF4B-00C04F79EFBC}") = "Pointel.Interactions.Email", "Pointel.Interactions.Email\Pointel.Interactions.Email.csproj", "{64EB0C2B-DC8B-43BD-970C-09B1D312D25C}"
EndProject
Project("{FAE04EC0-301F-11D3-BF4B-00C04F79EFBC}") = "Pointel.Configuration.Manager", "Pointel.Configuration.Manager\Pointel.Configuration.Manager.csproj", "{870DEB13-F88C-4B03-B78C-C3EADB70BFD9}"
EndProject
Project("{FAE04EC0-301F-11D3-BF4B-00C04F79EFBC}") = "Pointel.Interactions.Outbound", "Pointel.Interactions.Outbound\Pointel.Interactions.Outbound.csproj", "{D09E1E02-CB03-4A5B-98A0-200D3F98D15B}"
EndProject
Project("{FAE04EC0-301F-11D3-BF4B-00C04F79EFBC}") = "Pointel.Connection.Manager", "Pointel.Connection.Manager\Pointel.Connection.Manager.csproj", "{511E7FEA-9FCF-4DEE-A82F-073B82A376B3}"
EndProject
Project("{FAE04EC0-301F-11D3-BF4B-00C04F79EFBC}") = "Pointel.Statistics.Core", "Pointel.Statistics.Core\Pointel.Statistics.Core.csproj", "{B49F7E04-7239-4A37-8F7C-4E1322F604CF}"
EndProject
Project("{FAE04EC0-301F-11D3-BF4B-00C04F79EFBC}") = "StatTickerFive", "StatTickerFive\StatTickerFive.csproj", "{DEEC38ED-AD5D-4F68-AE37-C0B6FA50CCCE}"
EndProject
Project("{FAE04EC0-301F-11D3-BF4B-00C04F79EFBC}") = "Pointel.Statistics.TaskbarNotifier", "Pointel.Statistics.TaskbarNotifier\Pointel.Statistics.TaskbarNotifier.csproj", "{48030EEA-29CA-4A61-A676-FF0840413FE8}"
EndProject
Project("{54435603-DBB4-11D2-8724-00A0C9A8B90C}") = "AgentInteractionDesktop_32bit", "AgentInteractionDesktop_32bit\AgentInteractionDesktop_32bit.vdproj", "{F5243515-A5A0-4902-AB11-4ACFA3BD471F}"
EndProject
Project("{54435603-DBB4-11D2-8724-00A0C9A8B90C}") = "AgentInteractionDesktop_64bit", "AgentInteractionDesktop_64bit\AgentInteractionDesktop_64bit.vdproj", "{796E0381-7F18-4510-9803-2CDDA181737F}"
EndProject
Project("{FAE04EC0-301F-11D3-BF4B-00C04F79EFBC}") = "Agent.Interaction.Desktop", "AgentInteractionDesktop\Agent.Interaction.Desktop.csproj", "{35F5DCA5-F880-4DDD-9F15-44A1DBBA9831}"
EndProject
Project("{FAE04EC0-301F-11D3-BF4B-00C04F79EFBC}") = "Pointel.NotifyIconManager", "NotifyIconWpf\Pointel.NotifyIconManager.csproj", "{7AC63864-7638-41C4-969C-D3197EF2BED9}"
EndProject
Project("{FAE04EC0-301F-11D3-BF4B-00C04F79EFBC}") = "Pointel.Salesforce.Adapter", "Pointel.Salesforce.Adapter\Pointel.Salesforce.Adapter.csproj", "{FB3E121F-98D1-4E40-9C56-CCBBB0B19AD6}"
EndProject
Project("{FAE04EC0-301F-11D3-BF4B-00C04F79EFBC}") = "Pointel.Salesforce.Plugin", "Pointel.Salesforce.Plugin\Pointel.Salesforce.Plugin.csproj", "{F46E83E8-1EF0-4581-BAEE-1BD539205A6A}"
EndProject
Global
	GlobalSection(SubversionScc) = preSolution
		Svn-Managed = True
		Manager = AnkhSVN - Subversion Support for Visual Studio
	EndGlobalSection
	GlobalSection(SolutionConfigurationPlatforms) = preSolution
		Debug|Any CPU = Debug|Any CPU
		Debug|Mixed Platforms = Debug|Mixed Platforms
		Debug|x64 = Debug|x64
		Debug|x86 = Debug|x86
		Release|Any CPU = Release|Any CPU
		Release|Mixed Platforms = Release|Mixed Platforms
		Release|x64 = Release|x64
		Release|x86 = Release|x86
	EndGlobalSection
	GlobalSection(ProjectConfigurationPlatforms) = postSolution
		{CCBE735E-E893-48D1-9035-0BF2AC1DBDA4}.Debug|Any CPU.ActiveCfg = Debug|Any CPU
		{CCBE735E-E893-48D1-9035-0BF2AC1DBDA4}.Debug|Any CPU.Build.0 = Debug|Any CPU
		{CCBE735E-E893-48D1-9035-0BF2AC1DBDA4}.Debug|Mixed Platforms.ActiveCfg = Debug|Any CPU
		{CCBE735E-E893-48D1-9035-0BF2AC1DBDA4}.Debug|Mixed Platforms.Build.0 = Debug|Any CPU
		{CCBE735E-E893-48D1-9035-0BF2AC1DBDA4}.Debug|x64.ActiveCfg = Debug|Any CPU
		{CCBE735E-E893-48D1-9035-0BF2AC1DBDA4}.Debug|x86.ActiveCfg = Debug|Any CPU
		{CCBE735E-E893-48D1-9035-0BF2AC1DBDA4}.Release|Any CPU.ActiveCfg = Release|Any CPU
		{CCBE735E-E893-48D1-9035-0BF2AC1DBDA4}.Release|Any CPU.Build.0 = Release|Any CPU
		{CCBE735E-E893-48D1-9035-0BF2AC1DBDA4}.Release|Mixed Platforms.ActiveCfg = Release|Any CPU
		{CCBE735E-E893-48D1-9035-0BF2AC1DBDA4}.Release|Mixed Platforms.Build.0 = Release|Any CPU
		{CCBE735E-E893-48D1-9035-0BF2AC1DBDA4}.Release|x64.ActiveCfg = Release|Any CPU
		{CCBE735E-E893-48D1-9035-0BF2AC1DBDA4}.Release|x86.ActiveCfg = Release|Any CPU
		{6E0294F3-C465-454F-B8BF-716DA836B473}.Debug|Any CPU.ActiveCfg = Debug|Any CPU
		{6E0294F3-C465-454F-B8BF-716DA836B473}.Debug|Any CPU.Build.0 = Debug|Any CPU
		{6E0294F3-C465-454F-B8BF-716DA836B473}.Debug|Mixed Platforms.ActiveCfg = Debug|Any CPU
		{6E0294F3-C465-454F-B8BF-716DA836B473}.Debug|Mixed Platforms.Build.0 = Debug|Any CPU
		{6E0294F3-C465-454F-B8BF-716DA836B473}.Debug|x64.ActiveCfg = Debug|Any CPU
		{6E0294F3-C465-454F-B8BF-716DA836B473}.Debug|x86.ActiveCfg = Debug|Any CPU
		{6E0294F3-C465-454F-B8BF-716DA836B473}.Release|Any CPU.ActiveCfg = Release|Any CPU
		{6E0294F3-C465-454F-B8BF-716DA836B473}.Release|Any CPU.Build.0 = Release|Any CPU
		{6E0294F3-C465-454F-B8BF-716DA836B473}.Release|Mixed Platforms.ActiveCfg = Release|Any CPU
		{6E0294F3-C465-454F-B8BF-716DA836B473}.Release|Mixed Platforms.Build.0 = Release|Any CPU
		{6E0294F3-C465-454F-B8BF-716DA836B473}.Release|x64.ActiveCfg = Release|Any CPU
		{6E0294F3-C465-454F-B8BF-716DA836B473}.Release|x86.ActiveCfg = Release|Any CPU
		{DD1F4B1C-2FE9-4DD4-818A-0ABE8187CD75}.Debug|Any CPU.ActiveCfg = Debug|Any CPU
		{DD1F4B1C-2FE9-4DD4-818A-0ABE8187CD75}.Debug|Any CPU.Build.0 = Debug|Any CPU
		{DD1F4B1C-2FE9-4DD4-818A-0ABE8187CD75}.Debug|Mixed Platforms.ActiveCfg = Debug|Any CPU
		{DD1F4B1C-2FE9-4DD4-818A-0ABE8187CD75}.Debug|Mixed Platforms.Build.0 = Debug|Any CPU
		{DD1F4B1C-2FE9-4DD4-818A-0ABE8187CD75}.Debug|x64.ActiveCfg = Debug|Any CPU
		{DD1F4B1C-2FE9-4DD4-818A-0ABE8187CD75}.Debug|x86.ActiveCfg = Debug|Any CPU
		{DD1F4B1C-2FE9-4DD4-818A-0ABE8187CD75}.Release|Any CPU.ActiveCfg = Release|Any CPU
		{DD1F4B1C-2FE9-4DD4-818A-0ABE8187CD75}.Release|Any CPU.Build.0 = Release|Any CPU
		{DD1F4B1C-2FE9-4DD4-818A-0ABE8187CD75}.Release|Mixed Platforms.ActiveCfg = Release|Any CPU
		{DD1F4B1C-2FE9-4DD4-818A-0ABE8187CD75}.Release|Mixed Platforms.Build.0 = Release|Any CPU
		{DD1F4B1C-2FE9-4DD4-818A-0ABE8187CD75}.Release|x64.ActiveCfg = Release|Any CPU
		{DD1F4B1C-2FE9-4DD4-818A-0ABE8187CD75}.Release|x86.ActiveCfg = Release|Any CPU
		{A1561366-4288-4754-BE0E-031609875788}.Debug|Any CPU.ActiveCfg = Debug|Any CPU
		{A1561366-4288-4754-BE0E-031609875788}.Debug|Any CPU.Build.0 = Debug|Any CPU
		{A1561366-4288-4754-BE0E-031609875788}.Debug|Mixed Platforms.ActiveCfg = Debug|Any CPU
		{A1561366-4288-4754-BE0E-031609875788}.Debug|Mixed Platforms.Build.0 = Debug|Any CPU
		{A1561366-4288-4754-BE0E-031609875788}.Debug|x64.ActiveCfg = Debug|Any CPU
		{A1561366-4288-4754-BE0E-031609875788}.Debug|x86.ActiveCfg = Debug|Any CPU
		{A1561366-4288-4754-BE0E-031609875788}.Release|Any CPU.ActiveCfg = Release|Any CPU
		{A1561366-4288-4754-BE0E-031609875788}.Release|Any CPU.Build.0 = Release|Any CPU
		{A1561366-4288-4754-BE0E-031609875788}.Release|Mixed Platforms.ActiveCfg = Release|Any CPU
		{A1561366-4288-4754-BE0E-031609875788}.Release|Mixed Platforms.Build.0 = Release|Any CPU
		{A1561366-4288-4754-BE0E-031609875788}.Release|x64.ActiveCfg = Release|Any CPU
		{A1561366-4288-4754-BE0E-031609875788}.Release|x86.ActiveCfg = Release|Any CPU
		{4B6B71B9-20B2-4AD0-A914-6837966C1119}.Debug|Any CPU.ActiveCfg = Debug|Any CPU
		{4B6B71B9-20B2-4AD0-A914-6837966C1119}.Debug|Any CPU.Build.0 = Debug|Any CPU
		{4B6B71B9-20B2-4AD0-A914-6837966C1119}.Debug|Mixed Platforms.ActiveCfg = Debug|Any CPU
		{4B6B71B9-20B2-4AD0-A914-6837966C1119}.Debug|Mixed Platforms.Build.0 = Debug|Any CPU
		{4B6B71B9-20B2-4AD0-A914-6837966C1119}.Debug|x64.ActiveCfg = Debug|x86
		{4B6B71B9-20B2-4AD0-A914-6837966C1119}.Debug|x86.ActiveCfg = Debug|x86
		{4B6B71B9-20B2-4AD0-A914-6837966C1119}.Debug|x86.Build.0 = Debug|x86
		{4B6B71B9-20B2-4AD0-A914-6837966C1119}.Release|Any CPU.ActiveCfg = Release|Any CPU
		{4B6B71B9-20B2-4AD0-A914-6837966C1119}.Release|Any CPU.Build.0 = Release|Any CPU
		{4B6B71B9-20B2-4AD0-A914-6837966C1119}.Release|Mixed Platforms.ActiveCfg = Release|Any CPU
		{4B6B71B9-20B2-4AD0-A914-6837966C1119}.Release|Mixed Platforms.Build.0 = Release|Any CPU
		{4B6B71B9-20B2-4AD0-A914-6837966C1119}.Release|x64.ActiveCfg = Release|x86
		{4B6B71B9-20B2-4AD0-A914-6837966C1119}.Release|x86.ActiveCfg = Release|x86
		{6137AE6E-494B-47DC-BCE9-0C9C38DDD156}.Debug|Any CPU.ActiveCfg = Debug|Any CPU
		{6137AE6E-494B-47DC-BCE9-0C9C38DDD156}.Debug|Any CPU.Build.0 = Debug|Any CPU
		{6137AE6E-494B-47DC-BCE9-0C9C38DDD156}.Debug|Mixed Platforms.ActiveCfg = Debug|Any CPU
		{6137AE6E-494B-47DC-BCE9-0C9C38DDD156}.Debug|Mixed Platforms.Build.0 = Debug|Any CPU
		{6137AE6E-494B-47DC-BCE9-0C9C38DDD156}.Debug|x64.ActiveCfg = Debug|Any CPU
		{6137AE6E-494B-47DC-BCE9-0C9C38DDD156}.Debug|x86.ActiveCfg = Debug|Any CPU
		{6137AE6E-494B-47DC-BCE9-0C9C38DDD156}.Release|Any CPU.ActiveCfg = Release|Any CPU
		{6137AE6E-494B-47DC-BCE9-0C9C38DDD156}.Release|Any CPU.Build.0 = Release|Any CPU
		{6137AE6E-494B-47DC-BCE9-0C9C38DDD156}.Release|Mixed Platforms.ActiveCfg = Release|Any CPU
		{6137AE6E-494B-47DC-BCE9-0C9C38DDD156}.Release|Mixed Platforms.Build.0 = Release|Any CPU
		{6137AE6E-494B-47DC-BCE9-0C9C38DDD156}.Release|x64.ActiveCfg = Release|Any CPU
		{6137AE6E-494B-47DC-BCE9-0C9C38DDD156}.Release|x86.ActiveCfg = Release|Any CPU
		{A227220A-A8D9-49C3-B42D-43083CF32865}.Debug|Any CPU.ActiveCfg = Debug|Any CPU
		{A227220A-A8D9-49C3-B42D-43083CF32865}.Debug|Any CPU.Build.0 = Debug|Any CPU
		{A227220A-A8D9-49C3-B42D-43083CF32865}.Debug|Mixed Platforms.ActiveCfg = Debug|Any CPU
		{A227220A-A8D9-49C3-B42D-43083CF32865}.Debug|Mixed Platforms.Build.0 = Debug|Any CPU
		{A227220A-A8D9-49C3-B42D-43083CF32865}.Debug|x64.ActiveCfg = Debug|Any CPU
		{A227220A-A8D9-49C3-B42D-43083CF32865}.Debug|x86.ActiveCfg = Debug|Any CPU
		{A227220A-A8D9-49C3-B42D-43083CF32865}.Release|Any CPU.ActiveCfg = Release|Any CPU
		{A227220A-A8D9-49C3-B42D-43083CF32865}.Release|Any CPU.Build.0 = Release|Any CPU
		{A227220A-A8D9-49C3-B42D-43083CF32865}.Release|Mixed Platforms.ActiveCfg = Release|Any CPU
		{A227220A-A8D9-49C3-B42D-43083CF32865}.Release|Mixed Platforms.Build.0 = Release|Any CPU
		{A227220A-A8D9-49C3-B42D-43083CF32865}.Release|x64.ActiveCfg = Release|Any CPU
		{A227220A-A8D9-49C3-B42D-43083CF32865}.Release|x86.ActiveCfg = Release|Any CPU
		{E1BFBD94-D72D-494F-95A9-9D2B3A6F545C}.Debug|Any CPU.ActiveCfg = Debug|Any CPU
		{E1BFBD94-D72D-494F-95A9-9D2B3A6F545C}.Debug|Any CPU.Build.0 = Debug|Any CPU
		{E1BFBD94-D72D-494F-95A9-9D2B3A6F545C}.Debug|Mixed Platforms.ActiveCfg = Debug|Any CPU
		{E1BFBD94-D72D-494F-95A9-9D2B3A6F545C}.Debug|Mixed Platforms.Build.0 = Debug|Any CPU
		{E1BFBD94-D72D-494F-95A9-9D2B3A6F545C}.Debug|x64.ActiveCfg = Debug|Any CPU
		{E1BFBD94-D72D-494F-95A9-9D2B3A6F545C}.Debug|x86.ActiveCfg = Debug|Any CPU
		{E1BFBD94-D72D-494F-95A9-9D2B3A6F545C}.Release|Any CPU.ActiveCfg = Release|Any CPU
		{E1BFBD94-D72D-494F-95A9-9D2B3A6F545C}.Release|Any CPU.Build.0 = Release|Any CPU
		{E1BFBD94-D72D-494F-95A9-9D2B3A6F545C}.Release|Mixed Platforms.ActiveCfg = Release|Any CPU
		{E1BFBD94-D72D-494F-95A9-9D2B3A6F545C}.Release|Mixed Platforms.Build.0 = Release|Any CPU
		{E1BFBD94-D72D-494F-95A9-9D2B3A6F545C}.Release|x64.ActiveCfg = Release|Any CPU
		{E1BFBD94-D72D-494F-95A9-9D2B3A6F545C}.Release|x86.ActiveCfg = Release|Any CPU
		{4B8751A4-9E72-4153-88B2-39BA0399E313}.Debug|Any CPU.ActiveCfg = Debug|Any CPU
		{4B8751A4-9E72-4153-88B2-39BA0399E313}.Debug|Any CPU.Build.0 = Debug|Any CPU
		{4B8751A4-9E72-4153-88B2-39BA0399E313}.Debug|Mixed Platforms.ActiveCfg = Debug|Any CPU
		{4B8751A4-9E72-4153-88B2-39BA0399E313}.Debug|Mixed Platforms.Build.0 = Debug|Any CPU
		{4B8751A4-9E72-4153-88B2-39BA0399E313}.Debug|x64.ActiveCfg = Debug|x64
		{4B8751A4-9E72-4153-88B2-39BA0399E313}.Debug|x64.Build.0 = Debug|x64
		{4B8751A4-9E72-4153-88B2-39BA0399E313}.Debug|x86.ActiveCfg = Debug|x86
		{4B8751A4-9E72-4153-88B2-39BA0399E313}.Debug|x86.Build.0 = Debug|x86
		{4B8751A4-9E72-4153-88B2-39BA0399E313}.Release|Any CPU.ActiveCfg = Release|Any CPU
		{4B8751A4-9E72-4153-88B2-39BA0399E313}.Release|Any CPU.Build.0 = Release|Any CPU
		{4B8751A4-9E72-4153-88B2-39BA0399E313}.Release|Mixed Platforms.ActiveCfg = Release|Any CPU
		{4B8751A4-9E72-4153-88B2-39BA0399E313}.Release|Mixed Platforms.Build.0 = Release|Any CPU
		{4B8751A4-9E72-4153-88B2-39BA0399E313}.Release|x64.ActiveCfg = Release|x64
		{4B8751A4-9E72-4153-88B2-39BA0399E313}.Release|x64.Build.0 = Release|x64
		{4B8751A4-9E72-4153-88B2-39BA0399E313}.Release|x86.ActiveCfg = Release|x86
		{35E29EBF-BADB-45E2-85BF-78D0A4145751}.Debug|Any CPU.ActiveCfg = Debug|Any CPU
		{35E29EBF-BADB-45E2-85BF-78D0A4145751}.Debug|Any CPU.Build.0 = Debug|Any CPU
		{35E29EBF-BADB-45E2-85BF-78D0A4145751}.Debug|Mixed Platforms.ActiveCfg = Debug|Any CPU
		{35E29EBF-BADB-45E2-85BF-78D0A4145751}.Debug|Mixed Platforms.Build.0 = Debug|Any CPU
		{35E29EBF-BADB-45E2-85BF-78D0A4145751}.Debug|x64.ActiveCfg = Debug|x86
		{35E29EBF-BADB-45E2-85BF-78D0A4145751}.Debug|x86.ActiveCfg = Debug|x86
		{35E29EBF-BADB-45E2-85BF-78D0A4145751}.Debug|x86.Build.0 = Debug|x86
		{35E29EBF-BADB-45E2-85BF-78D0A4145751}.Release|Any CPU.ActiveCfg = Release|Any CPU
		{35E29EBF-BADB-45E2-85BF-78D0A4145751}.Release|Any CPU.Build.0 = Release|Any CPU
		{35E29EBF-BADB-45E2-85BF-78D0A4145751}.Release|Mixed Platforms.ActiveCfg = Release|Any CPU
		{35E29EBF-BADB-45E2-85BF-78D0A4145751}.Release|Mixed Platforms.Build.0 = Release|Any CPU
		{35E29EBF-BADB-45E2-85BF-78D0A4145751}.Release|x64.ActiveCfg = Release|x86
		{35E29EBF-BADB-45E2-85BF-78D0A4145751}.Release|x86.ActiveCfg = Release|x86
		{07A742FB-705C-4C37-8131-BC7AFB29CCF7}.Debug|Any CPU.ActiveCfg = Debug|Any CPU
		{07A742FB-705C-4C37-8131-BC7AFB29CCF7}.Debug|Any CPU.Build.0 = Debug|Any CPU
		{07A742FB-705C-4C37-8131-BC7AFB29CCF7}.Debug|Mixed Platforms.ActiveCfg = Debug|Any CPU
		{07A742FB-705C-4C37-8131-BC7AFB29CCF7}.Debug|Mixed Platforms.Build.0 = Debug|Any CPU
		{07A742FB-705C-4C37-8131-BC7AFB29CCF7}.Debug|x64.ActiveCfg = Debug|Any CPU
		{07A742FB-705C-4C37-8131-BC7AFB29CCF7}.Debug|x86.ActiveCfg = Debug|Any CPU
		{07A742FB-705C-4C37-8131-BC7AFB29CCF7}.Release|Any CPU.ActiveCfg = Release|Any CPU
		{07A742FB-705C-4C37-8131-BC7AFB29CCF7}.Release|Any CPU.Build.0 = Release|Any CPU
		{07A742FB-705C-4C37-8131-BC7AFB29CCF7}.Release|Mixed Platforms.ActiveCfg = Release|Any CPU
		{07A742FB-705C-4C37-8131-BC7AFB29CCF7}.Release|Mixed Platforms.Build.0 = Release|Any CPU
		{07A742FB-705C-4C37-8131-BC7AFB29CCF7}.Release|x64.ActiveCfg = Release|Any CPU
		{07A742FB-705C-4C37-8131-BC7AFB29CCF7}.Release|x86.ActiveCfg = Release|Any CPU
		{D12288D8-503D-44D2-A651-E6D26D326457}.Debug|Any CPU.ActiveCfg = Debug|Any CPU
		{D12288D8-503D-44D2-A651-E6D26D326457}.Debug|Any CPU.Build.0 = Debug|Any CPU
		{D12288D8-503D-44D2-A651-E6D26D326457}.Debug|Mixed Platforms.ActiveCfg = Debug|Any CPU
		{D12288D8-503D-44D2-A651-E6D26D326457}.Debug|Mixed Platforms.Build.0 = Debug|Any CPU
		{D12288D8-503D-44D2-A651-E6D26D326457}.Debug|x64.ActiveCfg = Debug|Any CPU
		{D12288D8-503D-44D2-A651-E6D26D326457}.Debug|x86.ActiveCfg = Debug|Any CPU
		{D12288D8-503D-44D2-A651-E6D26D326457}.Release|Any CPU.ActiveCfg = Release|Any CPU
		{D12288D8-503D-44D2-A651-E6D26D326457}.Release|Any CPU.Build.0 = Release|Any CPU
		{D12288D8-503D-44D2-A651-E6D26D326457}.Release|Mixed Platforms.ActiveCfg = Release|Any CPU
		{D12288D8-503D-44D2-A651-E6D26D326457}.Release|Mixed Platforms.Build.0 = Release|Any CPU
		{D12288D8-503D-44D2-A651-E6D26D326457}.Release|x64.ActiveCfg = Release|Any CPU
		{D12288D8-503D-44D2-A651-E6D26D326457}.Release|x86.ActiveCfg = Release|Any CPU
		{C807F74B-9C21-4A9F-8A60-C7D7AF7BCBBA}.Debug|Any CPU.ActiveCfg = Debug|Any CPU
		{C807F74B-9C21-4A9F-8A60-C7D7AF7BCBBA}.Debug|Any CPU.Build.0 = Debug|Any CPU
		{C807F74B-9C21-4A9F-8A60-C7D7AF7BCBBA}.Debug|Mixed Platforms.ActiveCfg = Debug|Any CPU
		{C807F74B-9C21-4A9F-8A60-C7D7AF7BCBBA}.Debug|Mixed Platforms.Build.0 = Debug|Any CPU
		{C807F74B-9C21-4A9F-8A60-C7D7AF7BCBBA}.Debug|x64.ActiveCfg = Debug|Any CPU
		{C807F74B-9C21-4A9F-8A60-C7D7AF7BCBBA}.Debug|x86.ActiveCfg = Debug|Any CPU
		{C807F74B-9C21-4A9F-8A60-C7D7AF7BCBBA}.Release|Any CPU.ActiveCfg = Release|Any CPU
		{C807F74B-9C21-4A9F-8A60-C7D7AF7BCBBA}.Release|Any CPU.Build.0 = Release|Any CPU
		{C807F74B-9C21-4A9F-8A60-C7D7AF7BCBBA}.Release|Mixed Platforms.ActiveCfg = Release|Any CPU
		{C807F74B-9C21-4A9F-8A60-C7D7AF7BCBBA}.Release|Mixed Platforms.Build.0 = Release|Any CPU
		{C807F74B-9C21-4A9F-8A60-C7D7AF7BCBBA}.Release|x64.ActiveCfg = Release|Any CPU
		{C807F74B-9C21-4A9F-8A60-C7D7AF7BCBBA}.Release|x86.ActiveCfg = Release|Any CPU
		{F9ABF1FD-4F58-4FE4-9808-8B3C276097A1}.Debug|Any CPU.ActiveCfg = Debug|Any CPU
		{F9ABF1FD-4F58-4FE4-9808-8B3C276097A1}.Debug|Any CPU.Build.0 = Debug|Any CPU
		{F9ABF1FD-4F58-4FE4-9808-8B3C276097A1}.Debug|Mixed Platforms.ActiveCfg = Debug|Any CPU
		{F9ABF1FD-4F58-4FE4-9808-8B3C276097A1}.Debug|Mixed Platforms.Build.0 = Debug|Any CPU
		{F9ABF1FD-4F58-4FE4-9808-8B3C276097A1}.Debug|x64.ActiveCfg = Debug|Any CPU
		{F9ABF1FD-4F58-4FE4-9808-8B3C276097A1}.Debug|x86.ActiveCfg = Debug|Any CPU
		{F9ABF1FD-4F58-4FE4-9808-8B3C276097A1}.Release|Any CPU.ActiveCfg = Release|Any CPU
		{F9ABF1FD-4F58-4FE4-9808-8B3C276097A1}.Release|Any CPU.Build.0 = Release|Any CPU
		{F9ABF1FD-4F58-4FE4-9808-8B3C276097A1}.Release|Mixed Platforms.ActiveCfg = Release|Any CPU
		{F9ABF1FD-4F58-4FE4-9808-8B3C276097A1}.Release|Mixed Platforms.Build.0 = Release|Any CPU
		{F9ABF1FD-4F58-4FE4-9808-8B3C276097A1}.Release|x64.ActiveCfg = Release|Any CPU
		{F9ABF1FD-4F58-4FE4-9808-8B3C276097A1}.Release|x86.ActiveCfg = Release|Any CPU
		{73AE0AD7-22FE-411E-8182-079F415C044B}.Debug|Any CPU.ActiveCfg = Debug|Any CPU
		{73AE0AD7-22FE-411E-8182-079F415C044B}.Debug|Any CPU.Build.0 = Debug|Any CPU
		{73AE0AD7-22FE-411E-8182-079F415C044B}.Debug|Mixed Platforms.ActiveCfg = Debug|Any CPU
		{73AE0AD7-22FE-411E-8182-079F415C044B}.Debug|Mixed Platforms.Build.0 = Debug|Any CPU
		{73AE0AD7-22FE-411E-8182-079F415C044B}.Debug|x64.ActiveCfg = Debug|x86
		{73AE0AD7-22FE-411E-8182-079F415C044B}.Debug|x86.ActiveCfg = Debug|x86
		{73AE0AD7-22FE-411E-8182-079F415C044B}.Debug|x86.Build.0 = Debug|x86
		{73AE0AD7-22FE-411E-8182-079F415C044B}.Release|Any CPU.ActiveCfg = Release|Any CPU
		{73AE0AD7-22FE-411E-8182-079F415C044B}.Release|Any CPU.Build.0 = Release|Any CPU
		{73AE0AD7-22FE-411E-8182-079F415C044B}.Release|Mixed Platforms.ActiveCfg = Release|Any CPU
		{73AE0AD7-22FE-411E-8182-079F415C044B}.Release|Mixed Platforms.Build.0 = Release|Any CPU
		{73AE0AD7-22FE-411E-8182-079F415C044B}.Release|x64.ActiveCfg = Release|x86
		{73AE0AD7-22FE-411E-8182-079F415C044B}.Release|x86.ActiveCfg = Release|x86
		{8E807142-752E-4792-8440-1803981D5C4F}.Debug|Any CPU.ActiveCfg = Debug|Any CPU
		{8E807142-752E-4792-8440-1803981D5C4F}.Debug|Any CPU.Build.0 = Debug|Any CPU
		{8E807142-752E-4792-8440-1803981D5C4F}.Debug|Mixed Platforms.ActiveCfg = Debug|Any CPU
		{8E807142-752E-4792-8440-1803981D5C4F}.Debug|Mixed Platforms.Build.0 = Debug|Any CPU
		{8E807142-752E-4792-8440-1803981D5C4F}.Debug|x64.ActiveCfg = Debug|x86
		{8E807142-752E-4792-8440-1803981D5C4F}.Debug|x86.ActiveCfg = Debug|x86
		{8E807142-752E-4792-8440-1803981D5C4F}.Debug|x86.Build.0 = Debug|x86
		{8E807142-752E-4792-8440-1803981D5C4F}.Release|Any CPU.ActiveCfg = Release|Any CPU
		{8E807142-752E-4792-8440-1803981D5C4F}.Release|Any CPU.Build.0 = Release|Any CPU
		{8E807142-752E-4792-8440-1803981D5C4F}.Release|Mixed Platforms.ActiveCfg = Release|Any CPU
		{8E807142-752E-4792-8440-1803981D5C4F}.Release|Mixed Platforms.Build.0 = Release|Any CPU
		{8E807142-752E-4792-8440-1803981D5C4F}.Release|x64.ActiveCfg = Release|x86
		{8E807142-752E-4792-8440-1803981D5C4F}.Release|x86.ActiveCfg = Release|x86
		{484A8648-56A6-44A8-AD34-8B7E3E26A41A}.Debug|Any CPU.ActiveCfg = Debug|Any CPU
		{484A8648-56A6-44A8-AD34-8B7E3E26A41A}.Debug|Any CPU.Build.0 = Debug|Any CPU
		{484A8648-56A6-44A8-AD34-8B7E3E26A41A}.Debug|Mixed Platforms.ActiveCfg = Debug|Any CPU
		{484A8648-56A6-44A8-AD34-8B7E3E26A41A}.Debug|Mixed Platforms.Build.0 = Debug|Any CPU
		{484A8648-56A6-44A8-AD34-8B7E3E26A41A}.Debug|x64.ActiveCfg = Debug|Any CPU
		{484A8648-56A6-44A8-AD34-8B7E3E26A41A}.Debug|x86.ActiveCfg = Debug|Any CPU
		{484A8648-56A6-44A8-AD34-8B7E3E26A41A}.Release|Any CPU.ActiveCfg = Release|Any CPU
		{484A8648-56A6-44A8-AD34-8B7E3E26A41A}.Release|Any CPU.Build.0 = Release|Any CPU
		{484A8648-56A6-44A8-AD34-8B7E3E26A41A}.Release|Mixed Platforms.ActiveCfg = Release|Any CPU
		{484A8648-56A6-44A8-AD34-8B7E3E26A41A}.Release|Mixed Platforms.Build.0 = Release|Any CPU
		{484A8648-56A6-44A8-AD34-8B7E3E26A41A}.Release|x64.ActiveCfg = Release|Any CPU
		{484A8648-56A6-44A8-AD34-8B7E3E26A41A}.Release|x86.ActiveCfg = Release|Any CPU
		{64EB0C2B-DC8B-43BD-970C-09B1D312D25C}.Debug|Any CPU.ActiveCfg = Debug|Any CPU
		{64EB0C2B-DC8B-43BD-970C-09B1D312D25C}.Debug|Any CPU.Build.0 = Debug|Any CPU
		{64EB0C2B-DC8B-43BD-970C-09B1D312D25C}.Debug|Mixed Platforms.ActiveCfg = Debug|Any CPU
		{64EB0C2B-DC8B-43BD-970C-09B1D312D25C}.Debug|Mixed Platforms.Build.0 = Debug|Any CPU
		{64EB0C2B-DC8B-43BD-970C-09B1D312D25C}.Debug|x64.ActiveCfg = Debug|Any CPU
		{64EB0C2B-DC8B-43BD-970C-09B1D312D25C}.Debug|x86.ActiveCfg = Debug|Any CPU
		{64EB0C2B-DC8B-43BD-970C-09B1D312D25C}.Release|Any CPU.ActiveCfg = Release|Any CPU
		{64EB0C2B-DC8B-43BD-970C-09B1D312D25C}.Release|Any CPU.Build.0 = Release|Any CPU
		{64EB0C2B-DC8B-43BD-970C-09B1D312D25C}.Release|Mixed Platforms.ActiveCfg = Release|Any CPU
		{64EB0C2B-DC8B-43BD-970C-09B1D312D25C}.Release|Mixed Platforms.Build.0 = Release|Any CPU
		{64EB0C2B-DC8B-43BD-970C-09B1D312D25C}.Release|x64.ActiveCfg = Release|Any CPU
		{64EB0C2B-DC8B-43BD-970C-09B1D312D25C}.Release|x86.ActiveCfg = Release|Any CPU
		{870DEB13-F88C-4B03-B78C-C3EADB70BFD9}.Debug|Any CPU.ActiveCfg = Debug|Any CPU
		{870DEB13-F88C-4B03-B78C-C3EADB70BFD9}.Debug|Any CPU.Build.0 = Debug|Any CPU
		{870DEB13-F88C-4B03-B78C-C3EADB70BFD9}.Debug|Mixed Platforms.ActiveCfg = Debug|Any CPU
		{870DEB13-F88C-4B03-B78C-C3EADB70BFD9}.Debug|Mixed Platforms.Build.0 = Debug|Any CPU
		{870DEB13-F88C-4B03-B78C-C3EADB70BFD9}.Debug|x64.ActiveCfg = Debug|Any CPU
		{870DEB13-F88C-4B03-B78C-C3EADB70BFD9}.Debug|x86.ActiveCfg = Debug|Any CPU
		{870DEB13-F88C-4B03-B78C-C3EADB70BFD9}.Release|Any CPU.ActiveCfg = Release|Any CPU
		{870DEB13-F88C-4B03-B78C-C3EADB70BFD9}.Release|Any CPU.Build.0 = Release|Any CPU
		{870DEB13-F88C-4B03-B78C-C3EADB70BFD9}.Release|Mixed Platforms.ActiveCfg = Release|Any CPU
		{870DEB13-F88C-4B03-B78C-C3EADB70BFD9}.Release|Mixed Platforms.Build.0 = Release|Any CPU
		{870DEB13-F88C-4B03-B78C-C3EADB70BFD9}.Release|x64.ActiveCfg = Release|Any CPU
		{870DEB13-F88C-4B03-B78C-C3EADB70BFD9}.Release|x86.ActiveCfg = Release|Any CPU
		{D09E1E02-CB03-4A5B-98A0-200D3F98D15B}.Debug|Any CPU.ActiveCfg = Debug|Any CPU
		{D09E1E02-CB03-4A5B-98A0-200D3F98D15B}.Debug|Any CPU.Build.0 = Debug|Any CPU
		{D09E1E02-CB03-4A5B-98A0-200D3F98D15B}.Debug|Mixed Platforms.ActiveCfg = Debug|Any CPU
		{D09E1E02-CB03-4A5B-98A0-200D3F98D15B}.Debug|Mixed Platforms.Build.0 = Debug|Any CPU
		{D09E1E02-CB03-4A5B-98A0-200D3F98D15B}.Debug|x64.ActiveCfg = Debug|x86
		{D09E1E02-CB03-4A5B-98A0-200D3F98D15B}.Debug|x86.ActiveCfg = Debug|x86
		{D09E1E02-CB03-4A5B-98A0-200D3F98D15B}.Debug|x86.Build.0 = Debug|x86
		{D09E1E02-CB03-4A5B-98A0-200D3F98D15B}.Release|Any CPU.ActiveCfg = Release|Any CPU
		{D09E1E02-CB03-4A5B-98A0-200D3F98D15B}.Release|Any CPU.Build.0 = Release|Any CPU
		{D09E1E02-CB03-4A5B-98A0-200D3F98D15B}.Release|Mixed Platforms.ActiveCfg = Release|Any CPU
		{D09E1E02-CB03-4A5B-98A0-200D3F98D15B}.Release|Mixed Platforms.Build.0 = Release|Any CPU
		{D09E1E02-CB03-4A5B-98A0-200D3F98D15B}.Release|x64.ActiveCfg = Release|x86
		{D09E1E02-CB03-4A5B-98A0-200D3F98D15B}.Release|x86.ActiveCfg = Release|x86
		{511E7FEA-9FCF-4DEE-A82F-073B82A376B3}.Debug|Any CPU.ActiveCfg = Debug|Any CPU
		{511E7FEA-9FCF-4DEE-A82F-073B82A376B3}.Debug|Any CPU.Build.0 = Debug|Any CPU
		{511E7FEA-9FCF-4DEE-A82F-073B82A376B3}.Debug|Mixed Platforms.ActiveCfg = Debug|Any CPU
		{511E7FEA-9FCF-4DEE-A82F-073B82A376B3}.Debug|Mixed Platforms.Build.0 = Debug|Any CPU
		{511E7FEA-9FCF-4DEE-A82F-073B82A376B3}.Debug|x64.ActiveCfg = Debug|Any CPU
		{511E7FEA-9FCF-4DEE-A82F-073B82A376B3}.Debug|x86.ActiveCfg = Debug|Any CPU
		{511E7FEA-9FCF-4DEE-A82F-073B82A376B3}.Release|Any CPU.ActiveCfg = Release|Any CPU
		{511E7FEA-9FCF-4DEE-A82F-073B82A376B3}.Release|Any CPU.Build.0 = Release|Any CPU
		{511E7FEA-9FCF-4DEE-A82F-073B82A376B3}.Release|Mixed Platforms.ActiveCfg = Release|Any CPU
		{511E7FEA-9FCF-4DEE-A82F-073B82A376B3}.Release|Mixed Platforms.Build.0 = Release|Any CPU
		{511E7FEA-9FCF-4DEE-A82F-073B82A376B3}.Release|x64.ActiveCfg = Release|Any CPU
		{511E7FEA-9FCF-4DEE-A82F-073B82A376B3}.Release|x86.ActiveCfg = Release|Any CPU
		{B49F7E04-7239-4A37-8F7C-4E1322F604CF}.Debug|Any CPU.ActiveCfg = Debug|Any CPU
		{B49F7E04-7239-4A37-8F7C-4E1322F604CF}.Debug|Any CPU.Build.0 = Debug|Any CPU
		{B49F7E04-7239-4A37-8F7C-4E1322F604CF}.Debug|Mixed Platforms.ActiveCfg = Debug|Any CPU
		{B49F7E04-7239-4A37-8F7C-4E1322F604CF}.Debug|Mixed Platforms.Build.0 = Debug|Any CPU
		{B49F7E04-7239-4A37-8F7C-4E1322F604CF}.Debug|x64.ActiveCfg = Debug|Any CPU
		{B49F7E04-7239-4A37-8F7C-4E1322F604CF}.Debug|x86.ActiveCfg = Debug|Any CPU
		{B49F7E04-7239-4A37-8F7C-4E1322F604CF}.Release|Any CPU.ActiveCfg = Release|Any CPU
		{B49F7E04-7239-4A37-8F7C-4E1322F604CF}.Release|Any CPU.Build.0 = Release|Any CPU
		{B49F7E04-7239-4A37-8F7C-4E1322F604CF}.Release|Mixed Platforms.ActiveCfg = Release|Any CPU
		{B49F7E04-7239-4A37-8F7C-4E1322F604CF}.Release|Mixed Platforms.Build.0 = Release|Any CPU
		{B49F7E04-7239-4A37-8F7C-4E1322F604CF}.Release|x64.ActiveCfg = Release|Any CPU
		{B49F7E04-7239-4A37-8F7C-4E1322F604CF}.Release|x86.ActiveCfg = Release|Any CPU
		{DEEC38ED-AD5D-4F68-AE37-C0B6FA50CCCE}.Debug|Any CPU.ActiveCfg = Debug|Any CPU
		{DEEC38ED-AD5D-4F68-AE37-C0B6FA50CCCE}.Debug|Any CPU.Build.0 = Debug|Any CPU
		{DEEC38ED-AD5D-4F68-AE37-C0B6FA50CCCE}.Debug|Mixed Platforms.ActiveCfg = Debug|Any CPU
		{DEEC38ED-AD5D-4F68-AE37-C0B6FA50CCCE}.Debug|Mixed Platforms.Build.0 = Debug|Any CPU
		{DEEC38ED-AD5D-4F68-AE37-C0B6FA50CCCE}.Debug|x64.ActiveCfg = Debug|x64
		{DEEC38ED-AD5D-4F68-AE37-C0B6FA50CCCE}.Debug|x64.Build.0 = Debug|x64
		{DEEC38ED-AD5D-4F68-AE37-C0B6FA50CCCE}.Debug|x86.ActiveCfg = Debug|x86
		{DEEC38ED-AD5D-4F68-AE37-C0B6FA50CCCE}.Debug|x86.Build.0 = Debug|x86
		{DEEC38ED-AD5D-4F68-AE37-C0B6FA50CCCE}.Release|Any CPU.ActiveCfg = Release|Any CPU
		{DEEC38ED-AD5D-4F68-AE37-C0B6FA50CCCE}.Release|Any CPU.Build.0 = Release|Any CPU
		{DEEC38ED-AD5D-4F68-AE37-C0B6FA50CCCE}.Release|Mixed Platforms.ActiveCfg = Release|x86
		{DEEC38ED-AD5D-4F68-AE37-C0B6FA50CCCE}.Release|Mixed Platforms.Build.0 = Release|x86
		{DEEC38ED-AD5D-4F68-AE37-C0B6FA50CCCE}.Release|x64.ActiveCfg = Release|x64
		{DEEC38ED-AD5D-4F68-AE37-C0B6FA50CCCE}.Release|x64.Build.0 = Release|x64
		{DEEC38ED-AD5D-4F68-AE37-C0B6FA50CCCE}.Release|x86.ActiveCfg = Release|x86
		{48030EEA-29CA-4A61-A676-FF0840413FE8}.Debug|Any CPU.ActiveCfg = Debug|Any CPU
		{48030EEA-29CA-4A61-A676-FF0840413FE8}.Debug|Any CPU.Build.0 = Debug|Any CPU
		{48030EEA-29CA-4A61-A676-FF0840413FE8}.Debug|Mixed Platforms.ActiveCfg = Debug|Any CPU
		{48030EEA-29CA-4A61-A676-FF0840413FE8}.Debug|Mixed Platforms.Build.0 = Debug|Any CPU
		{48030EEA-29CA-4A61-A676-FF0840413FE8}.Debug|x64.ActiveCfg = Debug|Any CPU
		{48030EEA-29CA-4A61-A676-FF0840413FE8}.Debug|x86.ActiveCfg = Debug|Any CPU
		{48030EEA-29CA-4A61-A676-FF0840413FE8}.Release|Any CPU.ActiveCfg = Release|Any CPU
		{48030EEA-29CA-4A61-A676-FF0840413FE8}.Release|Any CPU.Build.0 = Release|Any CPU
		{48030EEA-29CA-4A61-A676-FF0840413FE8}.Release|Mixed Platforms.ActiveCfg = Release|Any CPU
		{48030EEA-29CA-4A61-A676-FF0840413FE8}.Release|Mixed Platforms.Build.0 = Release|Any CPU
		{48030EEA-29CA-4A61-A676-FF0840413FE8}.Release|x64.ActiveCfg = Release|Any CPU
		{48030EEA-29CA-4A61-A676-FF0840413FE8}.Release|x86.ActiveCfg = Release|Any CPU
		{F5243515-A5A0-4902-AB11-4ACFA3BD471F}.Debug|Any CPU.ActiveCfg = Debug
		{F5243515-A5A0-4902-AB11-4ACFA3BD471F}.Debug|Mixed Platforms.ActiveCfg = Debug
		{F5243515-A5A0-4902-AB11-4ACFA3BD471F}.Debug|x64.ActiveCfg = Debug
		{F5243515-A5A0-4902-AB11-4ACFA3BD471F}.Debug|x64.Build.0 = Debug
		{F5243515-A5A0-4902-AB11-4ACFA3BD471F}.Debug|x86.ActiveCfg = Debug
		{F5243515-A5A0-4902-AB11-4ACFA3BD471F}.Debug|x86.Build.0 = Debug
		{F5243515-A5A0-4902-AB11-4ACFA3BD471F}.Release|Any CPU.ActiveCfg = Release
		{F5243515-A5A0-4902-AB11-4ACFA3BD471F}.Release|Mixed Platforms.ActiveCfg = Release
		{F5243515-A5A0-4902-AB11-4ACFA3BD471F}.Release|x64.ActiveCfg = Release
		{F5243515-A5A0-4902-AB11-4ACFA3BD471F}.Release|x64.Build.0 = Release
		{F5243515-A5A0-4902-AB11-4ACFA3BD471F}.Release|x86.ActiveCfg = Release
		{F5243515-A5A0-4902-AB11-4ACFA3BD471F}.Release|x86.Build.0 = Release
		{796E0381-7F18-4510-9803-2CDDA181737F}.Debug|Any CPU.ActiveCfg = Debug
		{796E0381-7F18-4510-9803-2CDDA181737F}.Debug|Mixed Platforms.ActiveCfg = Debug
		{796E0381-7F18-4510-9803-2CDDA181737F}.Debug|x64.ActiveCfg = Debug
		{796E0381-7F18-4510-9803-2CDDA181737F}.Debug|x64.Build.0 = Debug
		{796E0381-7F18-4510-9803-2CDDA181737F}.Debug|x86.ActiveCfg = Debug
		{796E0381-7F18-4510-9803-2CDDA181737F}.Debug|x86.Build.0 = Debug
		{796E0381-7F18-4510-9803-2CDDA181737F}.Release|Any CPU.ActiveCfg = Release
		{796E0381-7F18-4510-9803-2CDDA181737F}.Release|Mixed Platforms.ActiveCfg = Release
		{796E0381-7F18-4510-9803-2CDDA181737F}.Release|x64.ActiveCfg = Release
		{796E0381-7F18-4510-9803-2CDDA181737F}.Release|x64.Build.0 = Release
		{796E0381-7F18-4510-9803-2CDDA181737F}.Release|x86.ActiveCfg = Release
		{796E0381-7F18-4510-9803-2CDDA181737F}.Release|x86.Build.0 = Release
		{35F5DCA5-F880-4DDD-9F15-44A1DBBA9831}.Debug|Any CPU.ActiveCfg = Debug|Any CPU
		{35F5DCA5-F880-4DDD-9F15-44A1DBBA9831}.Debug|Any CPU.Build.0 = Debug|Any CPU
		{35F5DCA5-F880-4DDD-9F15-44A1DBBA9831}.Debug|Mixed Platforms.ActiveCfg = Debug|Any CPU
		{35F5DCA5-F880-4DDD-9F15-44A1DBBA9831}.Debug|Mixed Platforms.Build.0 = Debug|Any CPU
		{35F5DCA5-F880-4DDD-9F15-44A1DBBA9831}.Debug|x64.ActiveCfg = Debug|Any CPU
		{35F5DCA5-F880-4DDD-9F15-44A1DBBA9831}.Debug|x86.ActiveCfg = Debug|Any CPU
		{35F5DCA5-F880-4DDD-9F15-44A1DBBA9831}.Release|Any CPU.ActiveCfg = Release|Any CPU
		{35F5DCA5-F880-4DDD-9F15-44A1DBBA9831}.Release|Any CPU.Build.0 = Release|Any CPU
		{35F5DCA5-F880-4DDD-9F15-44A1DBBA9831}.Release|Mixed Platforms.ActiveCfg = Release|x86
		{35F5DCA5-F880-4DDD-9F15-44A1DBBA9831}.Release|Mixed Platforms.Build.0 = Release|x86
		{35F5DCA5-F880-4DDD-9F15-44A1DBBA9831}.Release|x64.ActiveCfg = Release|Any CPU
		{35F5DCA5-F880-4DDD-9F15-44A1DBBA9831}.Release|x86.ActiveCfg = Release|Any CPU
		{7AC63864-7638-41C4-969C-D3197EF2BED9}.Debug|Any CPU.ActiveCfg = Debug|Any CPU
		{7AC63864-7638-41C4-969C-D3197EF2BED9}.Debug|Any CPU.Build.0 = Debug|Any CPU
		{7AC63864-7638-41C4-969C-D3197EF2BED9}.Debug|Mixed Platforms.ActiveCfg = Debug|Any CPU
		{7AC63864-7638-41C4-969C-D3197EF2BED9}.Debug|Mixed Platforms.Build.0 = Debug|Any CPU
		{7AC63864-7638-41C4-969C-D3197EF2BED9}.Debug|x64.ActiveCfg = Debug|Any CPU
		{7AC63864-7638-41C4-969C-D3197EF2BED9}.Debug|x86.ActiveCfg = Debug|Any CPU
		{7AC63864-7638-41C4-969C-D3197EF2BED9}.Release|Any CPU.ActiveCfg = Release|Any CPU
		{7AC63864-7638-41C4-969C-D3197EF2BED9}.Release|Any CPU.Build.0 = Release|Any CPU
		{7AC63864-7638-41C4-969C-D3197EF2BED9}.Release|Mixed Platforms.ActiveCfg = Release|Any CPU
		{7AC63864-7638-41C4-969C-D3197EF2BED9}.Release|Mixed Platforms.Build.0 = Release|Any CPU
		{7AC63864-7638-41C4-969C-D3197EF2BED9}.Release|x64.ActiveCfg = Release|Any CPU
		{7AC63864-7638-41C4-969C-D3197EF2BED9}.Release|x86.ActiveCfg = Release|Any CPU
		{FB3E121F-98D1-4E40-9C56-CCBBB0B19AD6}.Debug|Any CPU.ActiveCfg = Debug|Any CPU
		{FB3E121F-98D1-4E40-9C56-CCBBB0B19AD6}.Debug|Any CPU.Build.0 = Debug|Any CPU
		{FB3E121F-98D1-4E40-9C56-CCBBB0B19AD6}.Debug|Mixed Platforms.ActiveCfg = Debug|Any CPU
		{FB3E121F-98D1-4E40-9C56-CCBBB0B19AD6}.Debug|Mixed Platforms.Build.0 = Debug|Any CPU
		{FB3E121F-98D1-4E40-9C56-CCBBB0B19AD6}.Debug|x64.ActiveCfg = Debug|Any CPU
		{FB3E121F-98D1-4E40-9C56-CCBBB0B19AD6}.Debug|x86.ActiveCfg = Debug|Any CPU
		{FB3E121F-98D1-4E40-9C56-CCBBB0B19AD6}.Release|Any CPU.ActiveCfg = Release|Any CPU
		{FB3E121F-98D1-4E40-9C56-CCBBB0B19AD6}.Release|Any CPU.Build.0 = Release|Any CPU
		{FB3E121F-98D1-4E40-9C56-CCBBB0B19AD6}.Release|Mixed Platforms.ActiveCfg = Release|Any CPU
		{FB3E121F-98D1-4E40-9C56-CCBBB0B19AD6}.Release|Mixed Platforms.Build.0 = Release|Any CPU
		{FB3E121F-98D1-4E40-9C56-CCBBB0B19AD6}.Release|x64.ActiveCfg = Release|Any CPU
		{FB3E121F-98D1-4E40-9C56-CCBBB0B19AD6}.Release|x86.ActiveCfg = Release|Any CPU
		{F46E83E8-1EF0-4581-BAEE-1BD539205A6A}.Debug|Any CPU.ActiveCfg = Debug|Any CPU
		{F46E83E8-1EF0-4581-BAEE-1BD539205A6A}.Debug|Any CPU.Build.0 = Debug|Any CPU
		{F46E83E8-1EF0-4581-BAEE-1BD539205A6A}.Debug|Mixed Platforms.ActiveCfg = Debug|Any CPU
		{F46E83E8-1EF0-4581-BAEE-1BD539205A6A}.Debug|Mixed Platforms.Build.0 = Debug|Any CPU
		{F46E83E8-1EF0-4581-BAEE-1BD539205A6A}.Debug|x64.ActiveCfg = Debug|Any CPU
		{F46E83E8-1EF0-4581-BAEE-1BD539205A6A}.Debug|x86.ActiveCfg = Debug|Any CPU
		{F46E83E8-1EF0-4581-BAEE-1BD539205A6A}.Release|Any CPU.ActiveCfg = Release|Any CPU
		{F46E83E8-1EF0-4581-BAEE-1BD539205A6A}.Release|Any CPU.Build.0 = Release|Any CPU
		{F46E83E8-1EF0-4581-BAEE-1BD539205A6A}.Release|Mixed Platforms.ActiveCfg = Release|Any CPU
		{F46E83E8-1EF0-4581-BAEE-1BD539205A6A}.Release|Mixed Platforms.Build.0 = Release|Any CPU
		{F46E83E8-1EF0-4581-BAEE-1BD539205A6A}.Release|x64.ActiveCfg = Release|Any CPU
		{F46E83E8-1EF0-4581-BAEE-1BD539205A6A}.Release|x86.ActiveCfg = Release|Any CPU
	EndGlobalSection
	GlobalSection(SolutionProperties) = preSolution
		HideSolutionNode = FALSE
	EndGlobalSection
EndGlobal
